// !$*UTF8*$!
{
	archiveVersion = 1;
	classes = {
	};
	objectVersion = 46;
	objects = {

/* Begin PBXBuildFile section */
		9007BC2B1C1EB70100F23979 /* SceneryViewController.m in Sources */ = {isa = PBXBuildFile; fileRef = 9007BC2A1C1EB70100F23979 /* SceneryViewController.m */; };
		9025BCF31C1AF3DE002CE5D5 /* NSObject+Method.m in Sources */ = {isa = PBXBuildFile; fileRef = 9025BCF21C1AF3DE002CE5D5 /* NSObject+Method.m */; };
		908007B81C2195F200557DF5 /* Home_Job_TableViewCell.m in Sources */ = {isa = PBXBuildFile; fileRef = 908007B71C2195F200557DF5 /* Home_Job_TableViewCell.m */; };
		908007BB1C21A63B00557DF5 /* JobViewController.m in Sources */ = {isa = PBXBuildFile; fileRef = 908007BA1C21A63B00557DF5 /* JobViewController.m */; };
		908007BE1C21A6A800557DF5 /* RentViewController.m in Sources */ = {isa = PBXBuildFile; fileRef = 908007BD1C21A6A800557DF5 /* RentViewController.m */; };
		90AED0571C17CA8900D10D40 /* MASCompositeConstraint.m in Sources */ = {isa = PBXBuildFile; fileRef = 90AED03F1C17CA8900D10D40 /* MASCompositeConstraint.m */; };
		90AED0581C17CA8900D10D40 /* MASConstraint.m in Sources */ = {isa = PBXBuildFile; fileRef = 90AED0411C17CA8900D10D40 /* MASConstraint.m */; };
		90AED0591C17CA8900D10D40 /* MASConstraintMaker.m in Sources */ = {isa = PBXBuildFile; fileRef = 90AED0441C17CA8900D10D40 /* MASConstraintMaker.m */; };
		90AED05A1C17CA8900D10D40 /* MASLayoutConstraint.m in Sources */ = {isa = PBXBuildFile; fileRef = 90AED0461C17CA8900D10D40 /* MASLayoutConstraint.m */; };
		90AED05B1C17CA8900D10D40 /* MASViewAttribute.m in Sources */ = {isa = PBXBuildFile; fileRef = 90AED04A1C17CA8900D10D40 /* MASViewAttribute.m */; };
		90AED05C1C17CA8900D10D40 /* MASViewConstraint.m in Sources */ = {isa = PBXBuildFile; fileRef = 90AED04C1C17CA8900D10D40 /* MASViewConstraint.m */; };
		90AED05D1C17CA8900D10D40 /* NSArray+MASAdditions.m in Sources */ = {isa = PBXBuildFile; fileRef = 90AED04E1C17CA8900D10D40 /* NSArray+MASAdditions.m */; };
		90AED05E1C17CA8900D10D40 /* NSLayoutConstraint+MASDebugAdditions.m in Sources */ = {isa = PBXBuildFile; fileRef = 90AED0511C17CA8900D10D40 /* NSLayoutConstraint+MASDebugAdditions.m */; };
		90AED05F1C17CA8900D10D40 /* View+MASAdditions.m in Sources */ = {isa = PBXBuildFile; fileRef = 90AED0531C17CA8900D10D40 /* View+MASAdditions.m */; };
		90AED0601C17CA8900D10D40 /* ViewController+MASAdditions.m in Sources */ = {isa = PBXBuildFile; fileRef = 90AED0561C17CA8900D10D40 /* ViewController+MASAdditions.m */; };
		90AFB3FC1C1A83D000B70395 /* HttpTool.m in Sources */ = {isa = PBXBuildFile; fileRef = 90AFB3FB1C1A83D000B70395 /* HttpTool.m */; };
		90AFB4031C1AAB4B00B70395 /* BasicModel.m in Sources */ = {isa = PBXBuildFile; fileRef = 90AFB4021C1AAB4B00B70395 /* BasicModel.m */; };
		90AFB4251C1AC4B100B70395 /* MJDictionaryCache.m in Sources */ = {isa = PBXBuildFile; fileRef = 90AFB40F1C1AC4B100B70395 /* MJDictionaryCache.m */; };
		90AFB4261C1AC4B100B70395 /* MJExtensionConst.m in Sources */ = {isa = PBXBuildFile; fileRef = 90AFB4121C1AC4B100B70395 /* MJExtensionConst.m */; };
		90AFB4271C1AC4B100B70395 /* MJFoundation.m in Sources */ = {isa = PBXBuildFile; fileRef = 90AFB4141C1AC4B100B70395 /* MJFoundation.m */; };
		90AFB4281C1AC4B100B70395 /* MJProperty.m in Sources */ = {isa = PBXBuildFile; fileRef = 90AFB4161C1AC4B100B70395 /* MJProperty.m */; };
		90AFB4291C1AC4B100B70395 /* MJPropertyKey.m in Sources */ = {isa = PBXBuildFile; fileRef = 90AFB4181C1AC4B100B70395 /* MJPropertyKey.m */; };
		90AFB42A1C1AC4B100B70395 /* MJPropertyType.m in Sources */ = {isa = PBXBuildFile; fileRef = 90AFB41A1C1AC4B100B70395 /* MJPropertyType.m */; };
		90AFB42B1C1AC4B100B70395 /* NSObject+MJClass.m in Sources */ = {isa = PBXBuildFile; fileRef = 90AFB41C1C1AC4B100B70395 /* NSObject+MJClass.m */; };
		90AFB42C1C1AC4B100B70395 /* NSObject+MJCoding.m in Sources */ = {isa = PBXBuildFile; fileRef = 90AFB41E1C1AC4B100B70395 /* NSObject+MJCoding.m */; };
		90AFB42D1C1AC4B100B70395 /* NSObject+MJKeyValue.m in Sources */ = {isa = PBXBuildFile; fileRef = 90AFB4201C1AC4B100B70395 /* NSObject+MJKeyValue.m */; };
		90AFB42E1C1AC4B100B70395 /* NSObject+MJProperty.m in Sources */ = {isa = PBXBuildFile; fileRef = 90AFB4221C1AC4B100B70395 /* NSObject+MJProperty.m */; };
		90AFB42F1C1AC4B100B70395 /* NSString+MJExtension.m in Sources */ = {isa = PBXBuildFile; fileRef = 90AFB4241C1AC4B100B70395 /* NSString+MJExtension.m */; };
		90AFB4351C1ACC7000B70395 /* ForecastModel.m in Sources */ = {isa = PBXBuildFile; fileRef = 90AFB4341C1ACC7000B70395 /* ForecastModel.m */; };
		90B0668B1C1FEB5A00E8A464 /* ColorTransformRGB.m in Sources */ = {isa = PBXBuildFile; fileRef = 90B0668A1C1FEB5A00E8A464 /* ColorTransformRGB.m */; };
		90B0668E1C1FF6DF00E8A464 /* X_DrawExcelView.m in Sources */ = {isa = PBXBuildFile; fileRef = 90B0668D1C1FF6DF00E8A464 /* X_DrawExcelView.m */; };
		90B379021C192C1300305870 /* HomeHeaderView.m in Sources */ = {isa = PBXBuildFile; fileRef = 90B379011C192C1300305870 /* HomeHeaderView.m */; };
		90C124261C25612200D02FDC /* EmergencyPhoneViewController.m in Sources */ = {isa = PBXBuildFile; fileRef = 90C124251C25612200D02FDC /* EmergencyPhoneViewController.m */; };
		90CC64FD1C187DFE00E4F454 /* HomeViewController.m in Sources */ = {isa = PBXBuildFile; fileRef = 90CC64FC1C187DFE00E4F454 /* HomeViewController.m */; };
		90D0C9581C2A3F1C00A9925E /* AddressBookViewController.m in Sources */ = {isa = PBXBuildFile; fileRef = 90D0C9571C2A3F1C00A9925E /* AddressBookViewController.m */; };
		90D0C95A1C2A437B00A9925E /* AddressBook.framework in Frameworks */ = {isa = PBXBuildFile; fileRef = 90D0C9591C2A437B00A9925E /* AddressBook.framework */; };
		90D0C95C1C2A438100A9925E /* AddressBookUI.framework in Frameworks */ = {isa = PBXBuildFile; fileRef = 90D0C95B1C2A438100A9925E /* AddressBookUI.framework */; };
		90D0C95F1C2A51A200A9925E /* AddressBookModel.m in Sources */ = {isa = PBXBuildFile; fileRef = 90D0C95E1C2A51A200A9925E /* AddressBookModel.m */; };
		90D0C9621C2A652300A9925E /* DatabaseManager.m in Sources */ = {isa = PBXBuildFile; fileRef = 90D0C9611C2A652300A9925E /* DatabaseManager.m */; };
		90D0C96F1C2A65CB00A9925E /* FMDatabase.m in Sources */ = {isa = PBXBuildFile; fileRef = 90D0C9651C2A65CB00A9925E /* FMDatabase.m */; };
		90D0C9701C2A65CB00A9925E /* FMDatabaseAdditions.m in Sources */ = {isa = PBXBuildFile; fileRef = 90D0C9671C2A65CB00A9925E /* FMDatabaseAdditions.m */; };
		90D0C9711C2A65CB00A9925E /* FMDatabasePool.m in Sources */ = {isa = PBXBuildFile; fileRef = 90D0C9691C2A65CB00A9925E /* FMDatabasePool.m */; };
		90D0C9721C2A65CB00A9925E /* FMDatabaseQueue.m in Sources */ = {isa = PBXBuildFile; fileRef = 90D0C96B1C2A65CB00A9925E /* FMDatabaseQueue.m */; };
		90D0C9731C2A65CB00A9925E /* FMResultSet.m in Sources */ = {isa = PBXBuildFile; fileRef = 90D0C96E1C2A65CB00A9925E /* FMResultSet.m */; };
		90D0C9751C2A7E2900A9925E /* libsqlite3.tbd in Frameworks */ = {isa = PBXBuildFile; fileRef = 90D0C9741C2A7E2900A9925E /* libsqlite3.tbd */; };
		90D0C9781C2AA4A200A9925E /* UserHandler.m in Sources */ = {isa = PBXBuildFile; fileRef = 90D0C9771C2AA4A200A9925E /* UserHandler.m */; };
		90D0C97E1C2AABFD00A9925E /* AddressBookTable.m in Sources */ = {isa = PBXBuildFile; fileRef = 90D0C97D1C2AABFD00A9925E /* AddressBookTable.m */; };
		90E0C71C1C16D2EE003B41A2 /* main.m in Sources */ = {isa = PBXBuildFile; fileRef = 90E0C71B1C16D2EE003B41A2 /* main.m */; };
		90E0C71F1C16D2EE003B41A2 /* AppDelegate.m in Sources */ = {isa = PBXBuildFile; fileRef = 90E0C71E1C16D2EE003B41A2 /* AppDelegate.m */; };
		90E0C7221C16D2EE003B41A2 /* ViewController.m in Sources */ = {isa = PBXBuildFile; fileRef = 90E0C7211C16D2EE003B41A2 /* ViewController.m */; };
		90E0C7251C16D2EE003B41A2 /* Main.storyboard in Resources */ = {isa = PBXBuildFile; fileRef = 90E0C7231C16D2EE003B41A2 /* Main.storyboard */; };
		90E0C7271C16D2EF003B41A2 /* Assets.xcassets in Resources */ = {isa = PBXBuildFile; fileRef = 90E0C7261C16D2EF003B41A2 /* Assets.xcassets */; };
		90E0C72A1C16D2EF003B41A2 /* LaunchScreen.storyboard in Resources */ = {isa = PBXBuildFile; fileRef = 90E0C7281C16D2EF003B41A2 /* LaunchScreen.storyboard */; };
		90E0C75F1C16D87C003B41A2 /* BasicViewController.m in Sources */ = {isa = PBXBuildFile; fileRef = 90E0C75A1C16D87C003B41A2 /* BasicViewController.m */; };
		90E0C7601C16D87C003B41A2 /* BasicNavigationController.m in Sources */ = {isa = PBXBuildFile; fileRef = 90E0C75C1C16D87C003B41A2 /* BasicNavigationController.m */; };
		90E0C7611C16D87C003B41A2 /* BasicTabBarViewController.m in Sources */ = {isa = PBXBuildFile; fileRef = 90E0C75E1C16D87C003B41A2 /* BasicTabBarViewController.m */; };
		90E0C7661C16D88B003B41A2 /* UIView+Frame.m in Sources */ = {isa = PBXBuildFile; fileRef = 90E0C7631C16D88B003B41A2 /* UIView+Frame.m */; };
		90E0C7671C16D88B003B41A2 /* NSString+Method.m in Sources */ = {isa = PBXBuildFile; fileRef = 90E0C7651C16D88B003B41A2 /* NSString+Method.m */; };
		90E0C76B1C16D8A1003B41A2 /* Reachability.m in Sources */ = {isa = PBXBuildFile; fileRef = 90E0C76A1C16D8A1003B41A2 /* Reachability.m */; };
		90E0C77F1C16D8AC003B41A2 /* AFHTTPRequestOperation.m in Sources */ = {isa = PBXBuildFile; fileRef = 90E0C76D1C16D8AC003B41A2 /* AFHTTPRequestOperation.m */; };
		90E0C7801C16D8AC003B41A2 /* AFHTTPRequestOperationManager.m in Sources */ = {isa = PBXBuildFile; fileRef = 90E0C76F1C16D8AC003B41A2 /* AFHTTPRequestOperationManager.m */; };
		90E0C7811C16D8AC003B41A2 /* AFHTTPSessionManager.m in Sources */ = {isa = PBXBuildFile; fileRef = 90E0C7711C16D8AC003B41A2 /* AFHTTPSessionManager.m */; };
		90E0C7821C16D8AC003B41A2 /* AFNetworkReachabilityManager.m in Sources */ = {isa = PBXBuildFile; fileRef = 90E0C7741C16D8AC003B41A2 /* AFNetworkReachabilityManager.m */; };
		90E0C7831C16D8AC003B41A2 /* AFSecurityPolicy.m in Sources */ = {isa = PBXBuildFile; fileRef = 90E0C7761C16D8AC003B41A2 /* AFSecurityPolicy.m */; };
		90E0C7841C16D8AC003B41A2 /* AFURLConnectionOperation.m in Sources */ = {isa = PBXBuildFile; fileRef = 90E0C7781C16D8AC003B41A2 /* AFURLConnectionOperation.m */; };
		90E0C7851C16D8AC003B41A2 /* AFURLRequestSerialization.m in Sources */ = {isa = PBXBuildFile; fileRef = 90E0C77A1C16D8AC003B41A2 /* AFURLRequestSerialization.m */; };
		90E0C7861C16D8AC003B41A2 /* AFURLResponseSerialization.m in Sources */ = {isa = PBXBuildFile; fileRef = 90E0C77C1C16D8AC003B41A2 /* AFURLResponseSerialization.m */; };
		90E0C7871C16D8AC003B41A2 /* AFURLSessionManager.m in Sources */ = {isa = PBXBuildFile; fileRef = 90E0C77E1C16D8AC003B41A2 /* AFURLSessionManager.m */; };
		90E0C78A1C16DE65003B41A2 /* TabbarView.m in Sources */ = {isa = PBXBuildFile; fileRef = 90E0C7891C16DE65003B41A2 /* TabbarView.m */; };
		90E54A711C2170F9008B1B42 /* MeViewController.m in Sources */ = {isa = PBXBuildFile; fileRef = 90E54A6E1C2170F9008B1B42 /* MeViewController.m */; };
		90FCA73B1C1C2138001751C8 /* FonExchangeModel.m in Sources */ = {isa = PBXBuildFile; fileRef = 90FCA73A1C1C2138001751C8 /* FonExchangeModel.m */; };
/* End PBXBuildFile section */

/* Begin PBXFileReference section */
		9007BC291C1EB70100F23979 /* SceneryViewController.h */ = {isa = PBXFileReference; fileEncoding = 4; lastKnownFileType = sourcecode.c.h; path = SceneryViewController.h; sourceTree = "<group>"; };
		9007BC2A1C1EB70100F23979 /* SceneryViewController.m */ = {isa = PBXFileReference; fileEncoding = 4; lastKnownFileType = sourcecode.c.objc; path = SceneryViewController.m; sourceTree = "<group>"; };
		9025BCF11C1AF3DE002CE5D5 /* NSObject+Method.h */ = {isa = PBXFileReference; fileEncoding = 4; lastKnownFileType = sourcecode.c.h; path = "NSObject+Method.h"; sourceTree = "<group>"; };
		9025BCF21C1AF3DE002CE5D5 /* NSObject+Method.m */ = {isa = PBXFileReference; fileEncoding = 4; lastKnownFileType = sourcecode.c.objc; path = "NSObject+Method.m"; sourceTree = "<group>"; };
		908007B61C2195F200557DF5 /* Home_Job_TableViewCell.h */ = {isa = PBXFileReference; fileEncoding = 4; lastKnownFileType = sourcecode.c.h; path = Home_Job_TableViewCell.h; sourceTree = "<group>"; };
		908007B71C2195F200557DF5 /* Home_Job_TableViewCell.m */ = {isa = PBXFileReference; fileEncoding = 4; lastKnownFileType = sourcecode.c.objc; path = Home_Job_TableViewCell.m; sourceTree = "<group>"; };
		908007B91C21A63B00557DF5 /* JobViewController.h */ = {isa = PBXFileReference; fileEncoding = 4; lastKnownFileType = sourcecode.c.h; path = JobViewController.h; sourceTree = "<group>"; };
		908007BA1C21A63B00557DF5 /* JobViewController.m */ = {isa = PBXFileReference; fileEncoding = 4; lastKnownFileType = sourcecode.c.objc; path = JobViewController.m; sourceTree = "<group>"; };
		908007BC1C21A6A800557DF5 /* RentViewController.h */ = {isa = PBXFileReference; fileEncoding = 4; lastKnownFileType = sourcecode.c.h; path = RentViewController.h; sourceTree = "<group>"; };
		908007BD1C21A6A800557DF5 /* RentViewController.m */ = {isa = PBXFileReference; fileEncoding = 4; lastKnownFileType = sourcecode.c.objc; path = RentViewController.m; sourceTree = "<group>"; };
		90AED03E1C17CA8900D10D40 /* MASCompositeConstraint.h */ = {isa = PBXFileReference; fileEncoding = 4; lastKnownFileType = sourcecode.c.h; path = MASCompositeConstraint.h; sourceTree = "<group>"; };
		90AED03F1C17CA8900D10D40 /* MASCompositeConstraint.m */ = {isa = PBXFileReference; fileEncoding = 4; lastKnownFileType = sourcecode.c.objc; path = MASCompositeConstraint.m; sourceTree = "<group>"; };
		90AED0401C17CA8900D10D40 /* MASConstraint.h */ = {isa = PBXFileReference; fileEncoding = 4; lastKnownFileType = sourcecode.c.h; path = MASConstraint.h; sourceTree = "<group>"; };
		90AED0411C17CA8900D10D40 /* MASConstraint.m */ = {isa = PBXFileReference; fileEncoding = 4; lastKnownFileType = sourcecode.c.objc; path = MASConstraint.m; sourceTree = "<group>"; };
		90AED0421C17CA8900D10D40 /* MASConstraint+Private.h */ = {isa = PBXFileReference; fileEncoding = 4; lastKnownFileType = sourcecode.c.h; path = "MASConstraint+Private.h"; sourceTree = "<group>"; };
		90AED0431C17CA8900D10D40 /* MASConstraintMaker.h */ = {isa = PBXFileReference; fileEncoding = 4; lastKnownFileType = sourcecode.c.h; path = MASConstraintMaker.h; sourceTree = "<group>"; };
		90AED0441C17CA8900D10D40 /* MASConstraintMaker.m */ = {isa = PBXFileReference; fileEncoding = 4; lastKnownFileType = sourcecode.c.objc; path = MASConstraintMaker.m; sourceTree = "<group>"; };
		90AED0451C17CA8900D10D40 /* MASLayoutConstraint.h */ = {isa = PBXFileReference; fileEncoding = 4; lastKnownFileType = sourcecode.c.h; path = MASLayoutConstraint.h; sourceTree = "<group>"; };
		90AED0461C17CA8900D10D40 /* MASLayoutConstraint.m */ = {isa = PBXFileReference; fileEncoding = 4; lastKnownFileType = sourcecode.c.objc; path = MASLayoutConstraint.m; sourceTree = "<group>"; };
		90AED0471C17CA8900D10D40 /* Masonry.h */ = {isa = PBXFileReference; fileEncoding = 4; lastKnownFileType = sourcecode.c.h; path = Masonry.h; sourceTree = "<group>"; };
		90AED0481C17CA8900D10D40 /* MASUtilities.h */ = {isa = PBXFileReference; fileEncoding = 4; lastKnownFileType = sourcecode.c.h; path = MASUtilities.h; sourceTree = "<group>"; };
		90AED0491C17CA8900D10D40 /* MASViewAttribute.h */ = {isa = PBXFileReference; fileEncoding = 4; lastKnownFileType = sourcecode.c.h; path = MASViewAttribute.h; sourceTree = "<group>"; };
		90AED04A1C17CA8900D10D40 /* MASViewAttribute.m */ = {isa = PBXFileReference; fileEncoding = 4; lastKnownFileType = sourcecode.c.objc; path = MASViewAttribute.m; sourceTree = "<group>"; };
		90AED04B1C17CA8900D10D40 /* MASViewConstraint.h */ = {isa = PBXFileReference; fileEncoding = 4; lastKnownFileType = sourcecode.c.h; path = MASViewConstraint.h; sourceTree = "<group>"; };
		90AED04C1C17CA8900D10D40 /* MASViewConstraint.m */ = {isa = PBXFileReference; fileEncoding = 4; lastKnownFileType = sourcecode.c.objc; path = MASViewConstraint.m; sourceTree = "<group>"; };
		90AED04D1C17CA8900D10D40 /* NSArray+MASAdditions.h */ = {isa = PBXFileReference; fileEncoding = 4; lastKnownFileType = sourcecode.c.h; path = "NSArray+MASAdditions.h"; sourceTree = "<group>"; };
		90AED04E1C17CA8900D10D40 /* NSArray+MASAdditions.m */ = {isa = PBXFileReference; fileEncoding = 4; lastKnownFileType = sourcecode.c.objc; path = "NSArray+MASAdditions.m"; sourceTree = "<group>"; };
		90AED04F1C17CA8900D10D40 /* NSArray+MASShorthandAdditions.h */ = {isa = PBXFileReference; fileEncoding = 4; lastKnownFileType = sourcecode.c.h; path = "NSArray+MASShorthandAdditions.h"; sourceTree = "<group>"; };
		90AED0501C17CA8900D10D40 /* NSLayoutConstraint+MASDebugAdditions.h */ = {isa = PBXFileReference; fileEncoding = 4; lastKnownFileType = sourcecode.c.h; path = "NSLayoutConstraint+MASDebugAdditions.h"; sourceTree = "<group>"; };
		90AED0511C17CA8900D10D40 /* NSLayoutConstraint+MASDebugAdditions.m */ = {isa = PBXFileReference; fileEncoding = 4; lastKnownFileType = sourcecode.c.objc; path = "NSLayoutConstraint+MASDebugAdditions.m"; sourceTree = "<group>"; };
		90AED0521C17CA8900D10D40 /* View+MASAdditions.h */ = {isa = PBXFileReference; fileEncoding = 4; lastKnownFileType = sourcecode.c.h; path = "View+MASAdditions.h"; sourceTree = "<group>"; };
		90AED0531C17CA8900D10D40 /* View+MASAdditions.m */ = {isa = PBXFileReference; fileEncoding = 4; lastKnownFileType = sourcecode.c.objc; path = "View+MASAdditions.m"; sourceTree = "<group>"; };
		90AED0541C17CA8900D10D40 /* View+MASShorthandAdditions.h */ = {isa = PBXFileReference; fileEncoding = 4; lastKnownFileType = sourcecode.c.h; path = "View+MASShorthandAdditions.h"; sourceTree = "<group>"; };
		90AED0551C17CA8900D10D40 /* ViewController+MASAdditions.h */ = {isa = PBXFileReference; fileEncoding = 4; lastKnownFileType = sourcecode.c.h; path = "ViewController+MASAdditions.h"; sourceTree = "<group>"; };
		90AED0561C17CA8900D10D40 /* ViewController+MASAdditions.m */ = {isa = PBXFileReference; fileEncoding = 4; lastKnownFileType = sourcecode.c.objc; path = "ViewController+MASAdditions.m"; sourceTree = "<group>"; };
		90AFB3FA1C1A83D000B70395 /* HttpTool.h */ = {isa = PBXFileReference; fileEncoding = 4; lastKnownFileType = sourcecode.c.h; path = HttpTool.h; sourceTree = "<group>"; };
		90AFB3FB1C1A83D000B70395 /* HttpTool.m */ = {isa = PBXFileReference; fileEncoding = 4; lastKnownFileType = sourcecode.c.objc; path = HttpTool.m; sourceTree = "<group>"; };
		90AFB4011C1AAB4B00B70395 /* BasicModel.h */ = {isa = PBXFileReference; fileEncoding = 4; lastKnownFileType = sourcecode.c.h; path = BasicModel.h; sourceTree = "<group>"; };
		90AFB4021C1AAB4B00B70395 /* BasicModel.m */ = {isa = PBXFileReference; fileEncoding = 4; lastKnownFileType = sourcecode.c.objc; path = BasicModel.m; sourceTree = "<group>"; };
		90AFB40E1C1AC4B100B70395 /* MJDictionaryCache.h */ = {isa = PBXFileReference; fileEncoding = 4; lastKnownFileType = sourcecode.c.h; path = MJDictionaryCache.h; sourceTree = "<group>"; };
		90AFB40F1C1AC4B100B70395 /* MJDictionaryCache.m */ = {isa = PBXFileReference; fileEncoding = 4; lastKnownFileType = sourcecode.c.objc; path = MJDictionaryCache.m; sourceTree = "<group>"; };
		90AFB4101C1AC4B100B70395 /* MJExtension.h */ = {isa = PBXFileReference; fileEncoding = 4; lastKnownFileType = sourcecode.c.h; path = MJExtension.h; sourceTree = "<group>"; };
		90AFB4111C1AC4B100B70395 /* MJExtensionConst.h */ = {isa = PBXFileReference; fileEncoding = 4; lastKnownFileType = sourcecode.c.h; path = MJExtensionConst.h; sourceTree = "<group>"; };
		90AFB4121C1AC4B100B70395 /* MJExtensionConst.m */ = {isa = PBXFileReference; fileEncoding = 4; lastKnownFileType = sourcecode.c.objc; path = MJExtensionConst.m; sourceTree = "<group>"; };
		90AFB4131C1AC4B100B70395 /* MJFoundation.h */ = {isa = PBXFileReference; fileEncoding = 4; lastKnownFileType = sourcecode.c.h; path = MJFoundation.h; sourceTree = "<group>"; };
		90AFB4141C1AC4B100B70395 /* MJFoundation.m */ = {isa = PBXFileReference; fileEncoding = 4; lastKnownFileType = sourcecode.c.objc; path = MJFoundation.m; sourceTree = "<group>"; };
		90AFB4151C1AC4B100B70395 /* MJProperty.h */ = {isa = PBXFileReference; fileEncoding = 4; lastKnownFileType = sourcecode.c.h; path = MJProperty.h; sourceTree = "<group>"; };
		90AFB4161C1AC4B100B70395 /* MJProperty.m */ = {isa = PBXFileReference; fileEncoding = 4; lastKnownFileType = sourcecode.c.objc; path = MJProperty.m; sourceTree = "<group>"; };
		90AFB4171C1AC4B100B70395 /* MJPropertyKey.h */ = {isa = PBXFileReference; fileEncoding = 4; lastKnownFileType = sourcecode.c.h; path = MJPropertyKey.h; sourceTree = "<group>"; };
		90AFB4181C1AC4B100B70395 /* MJPropertyKey.m */ = {isa = PBXFileReference; fileEncoding = 4; lastKnownFileType = sourcecode.c.objc; path = MJPropertyKey.m; sourceTree = "<group>"; };
		90AFB4191C1AC4B100B70395 /* MJPropertyType.h */ = {isa = PBXFileReference; fileEncoding = 4; lastKnownFileType = sourcecode.c.h; path = MJPropertyType.h; sourceTree = "<group>"; };
		90AFB41A1C1AC4B100B70395 /* MJPropertyType.m */ = {isa = PBXFileReference; fileEncoding = 4; lastKnownFileType = sourcecode.c.objc; path = MJPropertyType.m; sourceTree = "<group>"; };
		90AFB41B1C1AC4B100B70395 /* NSObject+MJClass.h */ = {isa = PBXFileReference; fileEncoding = 4; lastKnownFileType = sourcecode.c.h; path = "NSObject+MJClass.h"; sourceTree = "<group>"; };
		90AFB41C1C1AC4B100B70395 /* NSObject+MJClass.m */ = {isa = PBXFileReference; fileEncoding = 4; lastKnownFileType = sourcecode.c.objc; path = "NSObject+MJClass.m"; sourceTree = "<group>"; };
		90AFB41D1C1AC4B100B70395 /* NSObject+MJCoding.h */ = {isa = PBXFileReference; fileEncoding = 4; lastKnownFileType = sourcecode.c.h; path = "NSObject+MJCoding.h"; sourceTree = "<group>"; };
		90AFB41E1C1AC4B100B70395 /* NSObject+MJCoding.m */ = {isa = PBXFileReference; fileEncoding = 4; lastKnownFileType = sourcecode.c.objc; path = "NSObject+MJCoding.m"; sourceTree = "<group>"; };
		90AFB41F1C1AC4B100B70395 /* NSObject+MJKeyValue.h */ = {isa = PBXFileReference; fileEncoding = 4; lastKnownFileType = sourcecode.c.h; path = "NSObject+MJKeyValue.h"; sourceTree = "<group>"; };
		90AFB4201C1AC4B100B70395 /* NSObject+MJKeyValue.m */ = {isa = PBXFileReference; fileEncoding = 4; lastKnownFileType = sourcecode.c.objc; path = "NSObject+MJKeyValue.m"; sourceTree = "<group>"; };
		90AFB4211C1AC4B100B70395 /* NSObject+MJProperty.h */ = {isa = PBXFileReference; fileEncoding = 4; lastKnownFileType = sourcecode.c.h; path = "NSObject+MJProperty.h"; sourceTree = "<group>"; };
		90AFB4221C1AC4B100B70395 /* NSObject+MJProperty.m */ = {isa = PBXFileReference; fileEncoding = 4; lastKnownFileType = sourcecode.c.objc; path = "NSObject+MJProperty.m"; sourceTree = "<group>"; };
		90AFB4231C1AC4B100B70395 /* NSString+MJExtension.h */ = {isa = PBXFileReference; fileEncoding = 4; lastKnownFileType = sourcecode.c.h; path = "NSString+MJExtension.h"; sourceTree = "<group>"; };
		90AFB4241C1AC4B100B70395 /* NSString+MJExtension.m */ = {isa = PBXFileReference; fileEncoding = 4; lastKnownFileType = sourcecode.c.objc; path = "NSString+MJExtension.m"; sourceTree = "<group>"; };
		90AFB4331C1ACC7000B70395 /* ForecastModel.h */ = {isa = PBXFileReference; fileEncoding = 4; lastKnownFileType = sourcecode.c.h; path = ForecastModel.h; sourceTree = "<group>"; };
		90AFB4341C1ACC7000B70395 /* ForecastModel.m */ = {isa = PBXFileReference; fileEncoding = 4; lastKnownFileType = sourcecode.c.objc; path = ForecastModel.m; sourceTree = "<group>"; };
		90B066891C1FEB5A00E8A464 /* ColorTransformRGB.h */ = {isa = PBXFileReference; fileEncoding = 4; lastKnownFileType = sourcecode.c.h; path = ColorTransformRGB.h; sourceTree = "<group>"; };
		90B0668A1C1FEB5A00E8A464 /* ColorTransformRGB.m */ = {isa = PBXFileReference; fileEncoding = 4; lastKnownFileType = sourcecode.c.objc; path = ColorTransformRGB.m; sourceTree = "<group>"; };
		90B0668C1C1FF6DF00E8A464 /* X_DrawExcelView.h */ = {isa = PBXFileReference; fileEncoding = 4; lastKnownFileType = sourcecode.c.h; path = X_DrawExcelView.h; sourceTree = "<group>"; };
		90B0668D1C1FF6DF00E8A464 /* X_DrawExcelView.m */ = {isa = PBXFileReference; fileEncoding = 4; lastKnownFileType = sourcecode.c.objc; path = X_DrawExcelView.m; sourceTree = "<group>"; };
		90B379001C192C1300305870 /* HomeHeaderView.h */ = {isa = PBXFileReference; fileEncoding = 4; lastKnownFileType = sourcecode.c.h; path = HomeHeaderView.h; sourceTree = "<group>"; };
		90B379011C192C1300305870 /* HomeHeaderView.m */ = {isa = PBXFileReference; fileEncoding = 4; lastKnownFileType = sourcecode.c.objc; path = HomeHeaderView.m; sourceTree = "<group>"; };
		90C124241C25612200D02FDC /* EmergencyPhoneViewController.h */ = {isa = PBXFileReference; fileEncoding = 4; lastKnownFileType = sourcecode.c.h; path = EmergencyPhoneViewController.h; sourceTree = "<group>"; };
		90C124251C25612200D02FDC /* EmergencyPhoneViewController.m */ = {isa = PBXFileReference; fileEncoding = 4; lastKnownFileType = sourcecode.c.objc; path = EmergencyPhoneViewController.m; sourceTree = "<group>"; };
		90CC64FB1C187DFE00E4F454 /* HomeViewController.h */ = {isa = PBXFileReference; fileEncoding = 4; lastKnownFileType = sourcecode.c.h; path = HomeViewController.h; sourceTree = "<group>"; };
		90CC64FC1C187DFE00E4F454 /* HomeViewController.m */ = {isa = PBXFileReference; fileEncoding = 4; lastKnownFileType = sourcecode.c.objc; path = HomeViewController.m; sourceTree = "<group>"; };
		90D0C9561C2A3F1C00A9925E /* AddressBookViewController.h */ = {isa = PBXFileReference; fileEncoding = 4; lastKnownFileType = sourcecode.c.h; path = AddressBookViewController.h; sourceTree = "<group>"; };
		90D0C9571C2A3F1C00A9925E /* AddressBookViewController.m */ = {isa = PBXFileReference; fileEncoding = 4; lastKnownFileType = sourcecode.c.objc; path = AddressBookViewController.m; sourceTree = "<group>"; };
		90D0C9591C2A437B00A9925E /* AddressBook.framework */ = {isa = PBXFileReference; lastKnownFileType = wrapper.framework; name = AddressBook.framework; path = System/Library/Frameworks/AddressBook.framework; sourceTree = SDKROOT; };
		90D0C95B1C2A438100A9925E /* AddressBookUI.framework */ = {isa = PBXFileReference; lastKnownFileType = wrapper.framework; name = AddressBookUI.framework; path = System/Library/Frameworks/AddressBookUI.framework; sourceTree = SDKROOT; };
		90D0C95D1C2A51A200A9925E /* AddressBookModel.h */ = {isa = PBXFileReference; fileEncoding = 4; lastKnownFileType = sourcecode.c.h; path = AddressBookModel.h; sourceTree = "<group>"; };
		90D0C95E1C2A51A200A9925E /* AddressBookModel.m */ = {isa = PBXFileReference; fileEncoding = 4; lastKnownFileType = sourcecode.c.objc; path = AddressBookModel.m; sourceTree = "<group>"; };
		90D0C9601C2A652300A9925E /* DatabaseManager.h */ = {isa = PBXFileReference; fileEncoding = 4; lastKnownFileType = sourcecode.c.h; path = DatabaseManager.h; sourceTree = "<group>"; };
		90D0C9611C2A652300A9925E /* DatabaseManager.m */ = {isa = PBXFileReference; fileEncoding = 4; lastKnownFileType = sourcecode.c.objc; path = DatabaseManager.m; sourceTree = "<group>"; };
		90D0C9641C2A65CB00A9925E /* FMDatabase.h */ = {isa = PBXFileReference; fileEncoding = 4; lastKnownFileType = sourcecode.c.h; path = FMDatabase.h; sourceTree = "<group>"; };
		90D0C9651C2A65CB00A9925E /* FMDatabase.m */ = {isa = PBXFileReference; fileEncoding = 4; lastKnownFileType = sourcecode.c.objc; path = FMDatabase.m; sourceTree = "<group>"; };
		90D0C9661C2A65CB00A9925E /* FMDatabaseAdditions.h */ = {isa = PBXFileReference; fileEncoding = 4; lastKnownFileType = sourcecode.c.h; path = FMDatabaseAdditions.h; sourceTree = "<group>"; };
		90D0C9671C2A65CB00A9925E /* FMDatabaseAdditions.m */ = {isa = PBXFileReference; fileEncoding = 4; lastKnownFileType = sourcecode.c.objc; path = FMDatabaseAdditions.m; sourceTree = "<group>"; };
		90D0C9681C2A65CB00A9925E /* FMDatabasePool.h */ = {isa = PBXFileReference; fileEncoding = 4; lastKnownFileType = sourcecode.c.h; path = FMDatabasePool.h; sourceTree = "<group>"; };
		90D0C9691C2A65CB00A9925E /* FMDatabasePool.m */ = {isa = PBXFileReference; fileEncoding = 4; lastKnownFileType = sourcecode.c.objc; path = FMDatabasePool.m; sourceTree = "<group>"; };
		90D0C96A1C2A65CB00A9925E /* FMDatabaseQueue.h */ = {isa = PBXFileReference; fileEncoding = 4; lastKnownFileType = sourcecode.c.h; path = FMDatabaseQueue.h; sourceTree = "<group>"; };
		90D0C96B1C2A65CB00A9925E /* FMDatabaseQueue.m */ = {isa = PBXFileReference; fileEncoding = 4; lastKnownFileType = sourcecode.c.objc; path = FMDatabaseQueue.m; sourceTree = "<group>"; };
		90D0C96C1C2A65CB00A9925E /* FMDB.h */ = {isa = PBXFileReference; fileEncoding = 4; lastKnownFileType = sourcecode.c.h; path = FMDB.h; sourceTree = "<group>"; };
		90D0C96D1C2A65CB00A9925E /* FMResultSet.h */ = {isa = PBXFileReference; fileEncoding = 4; lastKnownFileType = sourcecode.c.h; path = FMResultSet.h; sourceTree = "<group>"; };
		90D0C96E1C2A65CB00A9925E /* FMResultSet.m */ = {isa = PBXFileReference; fileEncoding = 4; lastKnownFileType = sourcecode.c.objc; path = FMResultSet.m; sourceTree = "<group>"; };
		90D0C9741C2A7E2900A9925E /* libsqlite3.tbd */ = {isa = PBXFileReference; lastKnownFileType = "sourcecode.text-based-dylib-definition"; name = libsqlite3.tbd; path = usr/lib/libsqlite3.tbd; sourceTree = SDKROOT; };
		90D0C9761C2AA4A200A9925E /* UserHandler.h */ = {isa = PBXFileReference; fileEncoding = 4; lastKnownFileType = sourcecode.c.h; name = UserHandler.h; path = ../../Expand/Database/UserHandler.h; sourceTree = "<group>"; };
		90D0C9771C2AA4A200A9925E /* UserHandler.m */ = {isa = PBXFileReference; fileEncoding = 4; lastKnownFileType = sourcecode.c.objc; name = UserHandler.m; path = ../../Expand/Database/UserHandler.m; sourceTree = "<group>"; };
		90D0C97C1C2AABFD00A9925E /* AddressBookTable.h */ = {isa = PBXFileReference; fileEncoding = 4; lastKnownFileType = sourcecode.c.h; path = AddressBookTable.h; sourceTree = "<group>"; };
		90D0C97D1C2AABFD00A9925E /* AddressBookTable.m */ = {isa = PBXFileReference; fileEncoding = 4; lastKnownFileType = sourcecode.c.objc; path = AddressBookTable.m; sourceTree = "<group>"; };
		90E0C7171C16D2EE003B41A2 /* Friends PH.app */ = {isa = PBXFileReference; explicitFileType = wrapper.application; includeInIndex = 0; path = "Friends PH.app"; sourceTree = BUILT_PRODUCTS_DIR; };
		90E0C71B1C16D2EE003B41A2 /* main.m */ = {isa = PBXFileReference; lastKnownFileType = sourcecode.c.objc; path = main.m; sourceTree = "<group>"; };
		90E0C71D1C16D2EE003B41A2 /* AppDelegate.h */ = {isa = PBXFileReference; lastKnownFileType = sourcecode.c.h; path = AppDelegate.h; sourceTree = "<group>"; };
		90E0C71E1C16D2EE003B41A2 /* AppDelegate.m */ = {isa = PBXFileReference; lastKnownFileType = sourcecode.c.objc; path = AppDelegate.m; sourceTree = "<group>"; };
		90E0C7201C16D2EE003B41A2 /* ViewController.h */ = {isa = PBXFileReference; lastKnownFileType = sourcecode.c.h; path = ViewController.h; sourceTree = "<group>"; };
		90E0C7211C16D2EE003B41A2 /* ViewController.m */ = {isa = PBXFileReference; lastKnownFileType = sourcecode.c.objc; path = ViewController.m; sourceTree = "<group>"; };
		90E0C7241C16D2EE003B41A2 /* Base */ = {isa = PBXFileReference; lastKnownFileType = file.storyboard; name = Base; path = Base.lproj/Main.storyboard; sourceTree = "<group>"; };
		90E0C7261C16D2EF003B41A2 /* Assets.xcassets */ = {isa = PBXFileReference; lastKnownFileType = folder.assetcatalog; path = Assets.xcassets; sourceTree = "<group>"; };
		90E0C7291C16D2EF003B41A2 /* Base */ = {isa = PBXFileReference; lastKnownFileType = file.storyboard; name = Base; path = Base.lproj/LaunchScreen.storyboard; sourceTree = "<group>"; };
		90E0C72B1C16D2EF003B41A2 /* Info.plist */ = {isa = PBXFileReference; lastKnownFileType = text.plist.xml; path = Info.plist; sourceTree = "<group>"; };
		90E0C7341C16D2EF003B41A2 /* Friends_PHTests.m */ = {isa = PBXFileReference; lastKnownFileType = sourcecode.c.objc; path = Friends_PHTests.m; sourceTree = "<group>"; };
		90E0C7361C16D2EF003B41A2 /* Info.plist */ = {isa = PBXFileReference; lastKnownFileType = text.plist.xml; path = Info.plist; sourceTree = "<group>"; };
		90E0C73F1C16D2EF003B41A2 /* Friends_PHUITests.m */ = {isa = PBXFileReference; lastKnownFileType = sourcecode.c.objc; path = Friends_PHUITests.m; sourceTree = "<group>"; };
		90E0C7411C16D2EF003B41A2 /* Info.plist */ = {isa = PBXFileReference; lastKnownFileType = text.plist.xml; path = Info.plist; sourceTree = "<group>"; };
		90E0C7591C16D87C003B41A2 /* BasicViewController.h */ = {isa = PBXFileReference; fileEncoding = 4; lastKnownFileType = sourcecode.c.h; path = BasicViewController.h; sourceTree = "<group>"; };
		90E0C75A1C16D87C003B41A2 /* BasicViewController.m */ = {isa = PBXFileReference; fileEncoding = 4; lastKnownFileType = sourcecode.c.objc; path = BasicViewController.m; sourceTree = "<group>"; };
		90E0C75B1C16D87C003B41A2 /* BasicNavigationController.h */ = {isa = PBXFileReference; fileEncoding = 4; lastKnownFileType = sourcecode.c.h; path = BasicNavigationController.h; sourceTree = "<group>"; };
		90E0C75C1C16D87C003B41A2 /* BasicNavigationController.m */ = {isa = PBXFileReference; fileEncoding = 4; lastKnownFileType = sourcecode.c.objc; path = BasicNavigationController.m; sourceTree = "<group>"; };
		90E0C75D1C16D87C003B41A2 /* BasicTabBarViewController.h */ = {isa = PBXFileReference; fileEncoding = 4; lastKnownFileType = sourcecode.c.h; path = BasicTabBarViewController.h; sourceTree = "<group>"; };
		90E0C75E1C16D87C003B41A2 /* BasicTabBarViewController.m */ = {isa = PBXFileReference; fileEncoding = 4; lastKnownFileType = sourcecode.c.objc; path = BasicTabBarViewController.m; sourceTree = "<group>"; };
		90E0C7621C16D88B003B41A2 /* UIView+Frame.h */ = {isa = PBXFileReference; fileEncoding = 4; lastKnownFileType = sourcecode.c.h; path = "UIView+Frame.h"; sourceTree = "<group>"; };
		90E0C7631C16D88B003B41A2 /* UIView+Frame.m */ = {isa = PBXFileReference; fileEncoding = 4; lastKnownFileType = sourcecode.c.objc; path = "UIView+Frame.m"; sourceTree = "<group>"; };
		90E0C7641C16D88B003B41A2 /* NSString+Method.h */ = {isa = PBXFileReference; fileEncoding = 4; lastKnownFileType = sourcecode.c.h; path = "NSString+Method.h"; sourceTree = "<group>"; };
		90E0C7651C16D88B003B41A2 /* NSString+Method.m */ = {isa = PBXFileReference; fileEncoding = 4; lastKnownFileType = sourcecode.c.objc; path = "NSString+Method.m"; sourceTree = "<group>"; };
		90E0C7681C16D891003B41A2 /* CommonMacros.h */ = {isa = PBXFileReference; lastKnownFileType = sourcecode.c.h; path = CommonMacros.h; sourceTree = "<group>"; };
		90E0C7691C16D8A1003B41A2 /* Reachability.h */ = {isa = PBXFileReference; fileEncoding = 4; lastKnownFileType = sourcecode.c.h; path = Reachability.h; sourceTree = "<group>"; };
		90E0C76A1C16D8A1003B41A2 /* Reachability.m */ = {isa = PBXFileReference; fileEncoding = 4; lastKnownFileType = sourcecode.c.objc; path = Reachability.m; sourceTree = "<group>"; };
		90E0C76C1C16D8AC003B41A2 /* AFHTTPRequestOperation.h */ = {isa = PBXFileReference; fileEncoding = 4; lastKnownFileType = sourcecode.c.h; path = AFHTTPRequestOperation.h; sourceTree = "<group>"; };
		90E0C76D1C16D8AC003B41A2 /* AFHTTPRequestOperation.m */ = {isa = PBXFileReference; fileEncoding = 4; lastKnownFileType = sourcecode.c.objc; path = AFHTTPRequestOperation.m; sourceTree = "<group>"; };
		90E0C76E1C16D8AC003B41A2 /* AFHTTPRequestOperationManager.h */ = {isa = PBXFileReference; fileEncoding = 4; lastKnownFileType = sourcecode.c.h; path = AFHTTPRequestOperationManager.h; sourceTree = "<group>"; };
		90E0C76F1C16D8AC003B41A2 /* AFHTTPRequestOperationManager.m */ = {isa = PBXFileReference; fileEncoding = 4; lastKnownFileType = sourcecode.c.objc; path = AFHTTPRequestOperationManager.m; sourceTree = "<group>"; };
		90E0C7701C16D8AC003B41A2 /* AFHTTPSessionManager.h */ = {isa = PBXFileReference; fileEncoding = 4; lastKnownFileType = sourcecode.c.h; path = AFHTTPSessionManager.h; sourceTree = "<group>"; };
		90E0C7711C16D8AC003B41A2 /* AFHTTPSessionManager.m */ = {isa = PBXFileReference; fileEncoding = 4; lastKnownFileType = sourcecode.c.objc; path = AFHTTPSessionManager.m; sourceTree = "<group>"; };
		90E0C7721C16D8AC003B41A2 /* AFNetworking.h */ = {isa = PBXFileReference; fileEncoding = 4; lastKnownFileType = sourcecode.c.h; path = AFNetworking.h; sourceTree = "<group>"; };
		90E0C7731C16D8AC003B41A2 /* AFNetworkReachabilityManager.h */ = {isa = PBXFileReference; fileEncoding = 4; lastKnownFileType = sourcecode.c.h; path = AFNetworkReachabilityManager.h; sourceTree = "<group>"; };
		90E0C7741C16D8AC003B41A2 /* AFNetworkReachabilityManager.m */ = {isa = PBXFileReference; fileEncoding = 4; lastKnownFileType = sourcecode.c.objc; path = AFNetworkReachabilityManager.m; sourceTree = "<group>"; };
		90E0C7751C16D8AC003B41A2 /* AFSecurityPolicy.h */ = {isa = PBXFileReference; fileEncoding = 4; lastKnownFileType = sourcecode.c.h; path = AFSecurityPolicy.h; sourceTree = "<group>"; };
		90E0C7761C16D8AC003B41A2 /* AFSecurityPolicy.m */ = {isa = PBXFileReference; fileEncoding = 4; lastKnownFileType = sourcecode.c.objc; path = AFSecurityPolicy.m; sourceTree = "<group>"; };
		90E0C7771C16D8AC003B41A2 /* AFURLConnectionOperation.h */ = {isa = PBXFileReference; fileEncoding = 4; lastKnownFileType = sourcecode.c.h; path = AFURLConnectionOperation.h; sourceTree = "<group>"; };
		90E0C7781C16D8AC003B41A2 /* AFURLConnectionOperation.m */ = {isa = PBXFileReference; fileEncoding = 4; lastKnownFileType = sourcecode.c.objc; path = AFURLConnectionOperation.m; sourceTree = "<group>"; };
		90E0C7791C16D8AC003B41A2 /* AFURLRequestSerialization.h */ = {isa = PBXFileReference; fileEncoding = 4; lastKnownFileType = sourcecode.c.h; path = AFURLRequestSerialization.h; sourceTree = "<group>"; };
		90E0C77A1C16D8AC003B41A2 /* AFURLRequestSerialization.m */ = {isa = PBXFileReference; fileEncoding = 4; lastKnownFileType = sourcecode.c.objc; path = AFURLRequestSerialization.m; sourceTree = "<group>"; };
		90E0C77B1C16D8AC003B41A2 /* AFURLResponseSerialization.h */ = {isa = PBXFileReference; fileEncoding = 4; lastKnownFileType = sourcecode.c.h; path = AFURLResponseSerialization.h; sourceTree = "<group>"; };
		90E0C77C1C16D8AC003B41A2 /* AFURLResponseSerialization.m */ = {isa = PBXFileReference; fileEncoding = 4; lastKnownFileType = sourcecode.c.objc; path = AFURLResponseSerialization.m; sourceTree = "<group>"; };
		90E0C77D1C16D8AC003B41A2 /* AFURLSessionManager.h */ = {isa = PBXFileReference; fileEncoding = 4; lastKnownFileType = sourcecode.c.h; path = AFURLSessionManager.h; sourceTree = "<group>"; };
		90E0C77E1C16D8AC003B41A2 /* AFURLSessionManager.m */ = {isa = PBXFileReference; fileEncoding = 4; lastKnownFileType = sourcecode.c.objc; path = AFURLSessionManager.m; sourceTree = "<group>"; };
		90E0C7881C16DE65003B41A2 /* TabbarView.h */ = {isa = PBXFileReference; fileEncoding = 4; lastKnownFileType = sourcecode.c.h; path = TabbarView.h; sourceTree = "<group>"; };
		90E0C7891C16DE65003B41A2 /* TabbarView.m */ = {isa = PBXFileReference; fileEncoding = 4; lastKnownFileType = sourcecode.c.objc; path = TabbarView.m; sourceTree = "<group>"; };
		90E54A6D1C2170F9008B1B42 /* MeViewController.h */ = {isa = PBXFileReference; fileEncoding = 4; lastKnownFileType = sourcecode.c.h; path = MeViewController.h; sourceTree = "<group>"; };
		90E54A6E1C2170F9008B1B42 /* MeViewController.m */ = {isa = PBXFileReference; fileEncoding = 4; lastKnownFileType = sourcecode.c.objc; path = MeViewController.m; sourceTree = "<group>"; };
		90FCA7391C1C2138001751C8 /* FonExchangeModel.h */ = {isa = PBXFileReference; fileEncoding = 4; lastKnownFileType = sourcecode.c.h; path = FonExchangeModel.h; sourceTree = "<group>"; };
		90FCA73A1C1C2138001751C8 /* FonExchangeModel.m */ = {isa = PBXFileReference; fileEncoding = 4; lastKnownFileType = sourcecode.c.objc; path = FonExchangeModel.m; sourceTree = "<group>"; };
/* End PBXFileReference section */

/* Begin PBXFrameworksBuildPhase section */
		90E0C7141C16D2EE003B41A2 /* Frameworks */ = {
			isa = PBXFrameworksBuildPhase;
			buildActionMask = 2147483647;
			files = (
				90D0C9751C2A7E2900A9925E /* libsqlite3.tbd in Frameworks */,
				90D0C95C1C2A438100A9925E /* AddressBookUI.framework in Frameworks */,
				90D0C95A1C2A437B00A9925E /* AddressBook.framework in Frameworks */,
			);
			runOnlyForDeploymentPostprocessing = 0;
		};
/* End PBXFrameworksBuildPhase section */

/* Begin PBXGroup section */
		9007BC281C1EB6E900F23979 /* Scenery */ = {
			isa = PBXGroup;
			children = (
				9007BC291C1EB70100F23979 /* SceneryViewController.h */,
				9007BC2A1C1EB70100F23979 /* SceneryViewController.m */,
			);
			path = Scenery;
			sourceTree = "<group>";
		};
		90AED03D1C17CA8100D10D40 /* Masonry */ = {
			isa = PBXGroup;
			children = (
				90AED03E1C17CA8900D10D40 /* MASCompositeConstraint.h */,
				90AED03F1C17CA8900D10D40 /* MASCompositeConstraint.m */,
				90AED0401C17CA8900D10D40 /* MASConstraint.h */,
				90AED0411C17CA8900D10D40 /* MASConstraint.m */,
				90AED0421C17CA8900D10D40 /* MASConstraint+Private.h */,
				90AED0431C17CA8900D10D40 /* MASConstraintMaker.h */,
				90AED0441C17CA8900D10D40 /* MASConstraintMaker.m */,
				90AED0451C17CA8900D10D40 /* MASLayoutConstraint.h */,
				90AED0461C17CA8900D10D40 /* MASLayoutConstraint.m */,
				90AED0471C17CA8900D10D40 /* Masonry.h */,
				90AED0481C17CA8900D10D40 /* MASUtilities.h */,
				90AED0491C17CA8900D10D40 /* MASViewAttribute.h */,
				90AED04A1C17CA8900D10D40 /* MASViewAttribute.m */,
				90AED04B1C17CA8900D10D40 /* MASViewConstraint.h */,
				90AED04C1C17CA8900D10D40 /* MASViewConstraint.m */,
				90AED04D1C17CA8900D10D40 /* NSArray+MASAdditions.h */,
				90AED04E1C17CA8900D10D40 /* NSArray+MASAdditions.m */,
				90AED04F1C17CA8900D10D40 /* NSArray+MASShorthandAdditions.h */,
				90AED0501C17CA8900D10D40 /* NSLayoutConstraint+MASDebugAdditions.h */,
				90AED0511C17CA8900D10D40 /* NSLayoutConstraint+MASDebugAdditions.m */,
				90AED0521C17CA8900D10D40 /* View+MASAdditions.h */,
				90AED0531C17CA8900D10D40 /* View+MASAdditions.m */,
				90AED0541C17CA8900D10D40 /* View+MASShorthandAdditions.h */,
				90AED0551C17CA8900D10D40 /* ViewController+MASAdditions.h */,
				90AED0561C17CA8900D10D40 /* ViewController+MASAdditions.m */,
			);
			path = Masonry;
			sourceTree = "<group>";
		};
		90AFB4001C1AAB1D00B70395 /* BasicModel */ = {
			isa = PBXGroup;
			children = (
				90AFB4011C1AAB4B00B70395 /* BasicModel.h */,
				90AFB4021C1AAB4B00B70395 /* BasicModel.m */,
			);
			path = BasicModel;
			sourceTree = "<group>";
		};
		90AFB40D1C1AC4AB00B70395 /* MJExtension */ = {
			isa = PBXGroup;
			children = (
				90AFB40E1C1AC4B100B70395 /* MJDictionaryCache.h */,
				90AFB40F1C1AC4B100B70395 /* MJDictionaryCache.m */,
				90AFB4101C1AC4B100B70395 /* MJExtension.h */,
				90AFB4111C1AC4B100B70395 /* MJExtensionConst.h */,
				90AFB4121C1AC4B100B70395 /* MJExtensionConst.m */,
				90AFB4131C1AC4B100B70395 /* MJFoundation.h */,
				90AFB4141C1AC4B100B70395 /* MJFoundation.m */,
				90AFB4151C1AC4B100B70395 /* MJProperty.h */,
				90AFB4161C1AC4B100B70395 /* MJProperty.m */,
				90AFB4171C1AC4B100B70395 /* MJPropertyKey.h */,
				90AFB4181C1AC4B100B70395 /* MJPropertyKey.m */,
				90AFB4191C1AC4B100B70395 /* MJPropertyType.h */,
				90AFB41A1C1AC4B100B70395 /* MJPropertyType.m */,
				90AFB41B1C1AC4B100B70395 /* NSObject+MJClass.h */,
				90AFB41C1C1AC4B100B70395 /* NSObject+MJClass.m */,
				90AFB41D1C1AC4B100B70395 /* NSObject+MJCoding.h */,
				90AFB41E1C1AC4B100B70395 /* NSObject+MJCoding.m */,
				90AFB41F1C1AC4B100B70395 /* NSObject+MJKeyValue.h */,
				90AFB4201C1AC4B100B70395 /* NSObject+MJKeyValue.m */,
				90AFB4211C1AC4B100B70395 /* NSObject+MJProperty.h */,
				90AFB4221C1AC4B100B70395 /* NSObject+MJProperty.m */,
				90AFB4231C1AC4B100B70395 /* NSString+MJExtension.h */,
				90AFB4241C1AC4B100B70395 /* NSString+MJExtension.m */,
			);
			path = MJExtension;
			sourceTree = "<group>";
		};
		90B378FE1C192BEB00305870 /* Model */ = {
			isa = PBXGroup;
			children = (
				90AFB4331C1ACC7000B70395 /* ForecastModel.h */,
				90AFB4341C1ACC7000B70395 /* ForecastModel.m */,
				90FCA7391C1C2138001751C8 /* FonExchangeModel.h */,
				90FCA73A1C1C2138001751C8 /* FonExchangeModel.m */,
			);
			path = Model;
			sourceTree = "<group>";
		};
		90B378FF1C192BEB00305870 /* View */ = {
			isa = PBXGroup;
			children = (
				90B379001C192C1300305870 /* HomeHeaderView.h */,
				90B379011C192C1300305870 /* HomeHeaderView.m */,
				908007B61C2195F200557DF5 /* Home_Job_TableViewCell.h */,
				908007B71C2195F200557DF5 /* Home_Job_TableViewCell.m */,
			);
			path = View;
			sourceTree = "<group>";
		};
		90CC64F01C187AD600E4F454 /* Home */ = {
			isa = PBXGroup;
			children = (
				90B378FE1C192BEB00305870 /* Model */,
				90B378FF1C192BEB00305870 /* View */,
				90CC64F81C187DD200E4F454 /* Controller */,
			);
			path = Home;
			sourceTree = "<group>";
		};
		90CC64F11C187AE100E4F454 /* Me */ = {
			isa = PBXGroup;
			children = (
				90E54A6C1C2170F9008B1B42 /* Controller */,
				90E54A6F1C2170F9008B1B42 /* Model */,
				90E54A701C2170F9008B1B42 /* View */,
			);
			path = Me;
			sourceTree = "<group>";
		};
		90CC64F81C187DD200E4F454 /* Controller */ = {
			isa = PBXGroup;
			children = (
				90CC64FB1C187DFE00E4F454 /* HomeViewController.h */,
				90CC64FC1C187DFE00E4F454 /* HomeViewController.m */,
				908007B91C21A63B00557DF5 /* JobViewController.h */,
				908007BA1C21A63B00557DF5 /* JobViewController.m */,
				908007BC1C21A6A800557DF5 /* RentViewController.h */,
				908007BD1C21A6A800557DF5 /* RentViewController.m */,
			);
			path = Controller;
			sourceTree = "<group>";
		};
		90D0C9631C2A65C000A9925E /* FMDB */ = {
			isa = PBXGroup;
			children = (
				90D0C9641C2A65CB00A9925E /* FMDatabase.h */,
				90D0C9651C2A65CB00A9925E /* FMDatabase.m */,
				90D0C9661C2A65CB00A9925E /* FMDatabaseAdditions.h */,
				90D0C9671C2A65CB00A9925E /* FMDatabaseAdditions.m */,
				90D0C9681C2A65CB00A9925E /* FMDatabasePool.h */,
				90D0C9691C2A65CB00A9925E /* FMDatabasePool.m */,
				90D0C96A1C2A65CB00A9925E /* FMDatabaseQueue.h */,
				90D0C96B1C2A65CB00A9925E /* FMDatabaseQueue.m */,
				90D0C96C1C2A65CB00A9925E /* FMDB.h */,
				90D0C96D1C2A65CB00A9925E /* FMResultSet.h */,
				90D0C96E1C2A65CB00A9925E /* FMResultSet.m */,
			);
			path = FMDB;
			sourceTree = "<group>";
		};
		90E0C70E1C16D2EE003B41A2 = {
			isa = PBXGroup;
			children = (
				90D0C9741C2A7E2900A9925E /* libsqlite3.tbd */,
				90D0C95B1C2A438100A9925E /* AddressBookUI.framework */,
				90D0C9591C2A437B00A9925E /* AddressBook.framework */,
				90E0C7191C16D2EE003B41A2 /* Friends PH */,
				90E0C7331C16D2EF003B41A2 /* Friends PHTests */,
				90E0C73E1C16D2EF003B41A2 /* Friends PHUITests */,
				90E0C7181C16D2EE003B41A2 /* Products */,
			);
			sourceTree = "<group>";
		};
		90E0C7181C16D2EE003B41A2 /* Products */ = {
			isa = PBXGroup;
			children = (
				90E0C7171C16D2EE003B41A2 /* Friends PH.app */,
			);
			name = Products;
			sourceTree = "<group>";
		};
		90E0C7191C16D2EE003B41A2 /* Friends PH */ = {
			isa = PBXGroup;
			children = (
				90E0C74D1C16D828003B41A2 /* Main */,
				90E0C7521C16D840003B41A2 /* Expand */,
				90E0C7511C16D832003B41A2 /* Resource */,
				90E0C74E1C16D82D003B41A2 /* Vender */,
				90E0C71D1C16D2EE003B41A2 /* AppDelegate.h */,
				90E0C71E1C16D2EE003B41A2 /* AppDelegate.m */,
				90E0C7201C16D2EE003B41A2 /* ViewController.h */,
				90E0C7211C16D2EE003B41A2 /* ViewController.m */,
				90E0C7231C16D2EE003B41A2 /* Main.storyboard */,
				90E0C7261C16D2EF003B41A2 /* Assets.xcassets */,
				90E0C7281C16D2EF003B41A2 /* LaunchScreen.storyboard */,
				90E0C72B1C16D2EF003B41A2 /* Info.plist */,
				90E0C71A1C16D2EE003B41A2 /* Supporting Files */,
			);
			path = "Friends PH";
			sourceTree = "<group>";
		};
		90E0C71A1C16D2EE003B41A2 /* Supporting Files */ = {
			isa = PBXGroup;
			children = (
				90E0C71B1C16D2EE003B41A2 /* main.m */,
			);
			name = "Supporting Files";
			sourceTree = "<group>";
		};
		90E0C7331C16D2EF003B41A2 /* Friends PHTests */ = {
			isa = PBXGroup;
			children = (
				90E0C7341C16D2EF003B41A2 /* Friends_PHTests.m */,
				90E0C7361C16D2EF003B41A2 /* Info.plist */,
			);
			path = "Friends PHTests";
			sourceTree = "<group>";
		};
		90E0C73E1C16D2EF003B41A2 /* Friends PHUITests */ = {
			isa = PBXGroup;
			children = (
				90E0C73F1C16D2EF003B41A2 /* Friends_PHUITests.m */,
				90E0C7411C16D2EF003B41A2 /* Info.plist */,
			);
			path = "Friends PHUITests";
			sourceTree = "<group>";
		};
		90E0C74D1C16D828003B41A2 /* Main */ = {
			isa = PBXGroup;
			children = (
				90CC64F01C187AD600E4F454 /* Home */,
				9007BC281C1EB6E900F23979 /* Scenery */,
				90CC64F11C187AE100E4F454 /* Me */,
				90E0C7571C16D870003B41A2 /* Other */,
			);
			path = Main;
			sourceTree = "<group>";
		};
		90E0C74E1C16D82D003B41A2 /* Vender */ = {
			isa = PBXGroup;
			children = (
				90D0C9631C2A65C000A9925E /* FMDB */,
				90AFB40D1C1AC4AB00B70395 /* MJExtension */,
				90AED03D1C17CA8100D10D40 /* Masonry */,
				90E0C74F1C16D82D003B41A2 /* AFNetworing */,
				90E0C7501C16D82D003B41A2 /* Reachability */,
			);
			path = Vender;
			sourceTree = "<group>";
		};
		90E0C74F1C16D82D003B41A2 /* AFNetworing */ = {
			isa = PBXGroup;
			children = (
				90E0C76C1C16D8AC003B41A2 /* AFHTTPRequestOperation.h */,
				90E0C76D1C16D8AC003B41A2 /* AFHTTPRequestOperation.m */,
				90E0C76E1C16D8AC003B41A2 /* AFHTTPRequestOperationManager.h */,
				90E0C76F1C16D8AC003B41A2 /* AFHTTPRequestOperationManager.m */,
				90E0C7701C16D8AC003B41A2 /* AFHTTPSessionManager.h */,
				90E0C7711C16D8AC003B41A2 /* AFHTTPSessionManager.m */,
				90E0C7721C16D8AC003B41A2 /* AFNetworking.h */,
				90E0C7731C16D8AC003B41A2 /* AFNetworkReachabilityManager.h */,
				90E0C7741C16D8AC003B41A2 /* AFNetworkReachabilityManager.m */,
				90E0C7751C16D8AC003B41A2 /* AFSecurityPolicy.h */,
				90E0C7761C16D8AC003B41A2 /* AFSecurityPolicy.m */,
				90E0C7771C16D8AC003B41A2 /* AFURLConnectionOperation.h */,
				90E0C7781C16D8AC003B41A2 /* AFURLConnectionOperation.m */,
				90E0C7791C16D8AC003B41A2 /* AFURLRequestSerialization.h */,
				90E0C77A1C16D8AC003B41A2 /* AFURLRequestSerialization.m */,
				90E0C77B1C16D8AC003B41A2 /* AFURLResponseSerialization.h */,
				90E0C77C1C16D8AC003B41A2 /* AFURLResponseSerialization.m */,
				90E0C77D1C16D8AC003B41A2 /* AFURLSessionManager.h */,
				90E0C77E1C16D8AC003B41A2 /* AFURLSessionManager.m */,
			);
			path = AFNetworing;
			sourceTree = "<group>";
		};
		90E0C7501C16D82D003B41A2 /* Reachability */ = {
			isa = PBXGroup;
			children = (
				90E0C7691C16D8A1003B41A2 /* Reachability.h */,
				90E0C76A1C16D8A1003B41A2 /* Reachability.m */,
			);
			path = Reachability;
			sourceTree = "<group>";
		};
		90E0C7511C16D832003B41A2 /* Resource */ = {
			isa = PBXGroup;
			children = (
			);
			path = Resource;
			sourceTree = "<group>";
		};
		90E0C7521C16D840003B41A2 /* Expand */ = {
			isa = PBXGroup;
			children = (
				90E0C7531C16D840003B41A2 /* Category */,
				90E0C7541C16D840003B41A2 /* Database */,
				90E0C7551C16D840003B41A2 /* Macros */,
				90E0C7561C16D840003B41A2 /* Tool */,
			);
			path = Expand;
			sourceTree = "<group>";
		};
		90E0C7531C16D840003B41A2 /* Category */ = {
			isa = PBXGroup;
			children = (
				90E0C7621C16D88B003B41A2 /* UIView+Frame.h */,
				90E0C7631C16D88B003B41A2 /* UIView+Frame.m */,
				90E0C7641C16D88B003B41A2 /* NSString+Method.h */,
				90E0C7651C16D88B003B41A2 /* NSString+Method.m */,
				9025BCF11C1AF3DE002CE5D5 /* NSObject+Method.h */,
				9025BCF21C1AF3DE002CE5D5 /* NSObject+Method.m */,
			);
			path = Category;
			sourceTree = "<group>";
		};
		90E0C7541C16D840003B41A2 /* Database */ = {
			isa = PBXGroup;
			children = (
				90D0C9601C2A652300A9925E /* DatabaseManager.h */,
				90D0C9611C2A652300A9925E /* DatabaseManager.m */,
			);
			path = Database;
			sourceTree = "<group>";
		};
		90E0C7551C16D840003B41A2 /* Macros */ = {
			isa = PBXGroup;
			children = (
				90E0C7681C16D891003B41A2 /* CommonMacros.h */,
			);
			path = Macros;
			sourceTree = "<group>";
		};
		90E0C7561C16D840003B41A2 /* Tool */ = {
			isa = PBXGroup;
			children = (
				90AFB3FA1C1A83D000B70395 /* HttpTool.h */,
				90AFB3FB1C1A83D000B70395 /* HttpTool.m */,
				90B066891C1FEB5A00E8A464 /* ColorTransformRGB.h */,
				90B0668A1C1FEB5A00E8A464 /* ColorTransformRGB.m */,
				90B0668C1C1FF6DF00E8A464 /* X_DrawExcelView.h */,
				90B0668D1C1FF6DF00E8A464 /* X_DrawExcelView.m */,
			);
			path = Tool;
			sourceTree = "<group>";
		};
		90E0C7571C16D870003B41A2 /* Other */ = {
			isa = PBXGroup;
			children = (
				90D0C9761C2AA4A200A9925E /* UserHandler.h */,
				90D0C9771C2AA4A200A9925E /* UserHandler.m */,
				90AFB4001C1AAB1D00B70395 /* BasicModel */,
				90E0C7881C16DE65003B41A2 /* TabbarView.h */,
				90E0C7891C16DE65003B41A2 /* TabbarView.m */,
				90E0C7581C16D870003B41A2 /* BasicController */,
			);
			path = Other;
			sourceTree = "<group>";
		};
		90E0C7581C16D870003B41A2 /* BasicController */ = {
			isa = PBXGroup;
			children = (
				90E0C7591C16D87C003B41A2 /* BasicViewController.h */,
				90E0C75A1C16D87C003B41A2 /* BasicViewController.m */,
				90E0C75B1C16D87C003B41A2 /* BasicNavigationController.h */,
				90E0C75C1C16D87C003B41A2 /* BasicNavigationController.m */,
				90E0C75D1C16D87C003B41A2 /* BasicTabBarViewController.h */,
				90E0C75E1C16D87C003B41A2 /* BasicTabBarViewController.m */,
			);
			path = BasicController;
			sourceTree = "<group>";
		};
		90E54A6C1C2170F9008B1B42 /* Controller */ = {
			isa = PBXGroup;
			children = (
				90E54A6D1C2170F9008B1B42 /* MeViewController.h */,
				90E54A6E1C2170F9008B1B42 /* MeViewController.m */,
				90C124241C25612200D02FDC /* EmergencyPhoneViewController.h */,
				90C124251C25612200D02FDC /* EmergencyPhoneViewController.m */,
				90D0C9561C2A3F1C00A9925E /* AddressBookViewController.h */,
				90D0C9571C2A3F1C00A9925E /* AddressBookViewController.m */,
			);
			path = Controller;
			sourceTree = "<group>";
		};
		90E54A6F1C2170F9008B1B42 /* Model */ = {
			isa = PBXGroup;
			children = (
				90D0C95D1C2A51A200A9925E /* AddressBookModel.h */,
				90D0C95E1C2A51A200A9925E /* AddressBookModel.m */,
				90D0C97C1C2AABFD00A9925E /* AddressBookTable.h */,
				90D0C97D1C2AABFD00A9925E /* AddressBookTable.m */,
			);
			path = Model;
			sourceTree = "<group>";
		};
		90E54A701C2170F9008B1B42 /* View */ = {
			isa = PBXGroup;
			children = (
			);
			path = View;
			sourceTree = "<group>";
		};
/* End PBXGroup section */

/* Begin PBXNativeTarget section */
		90E0C7161C16D2EE003B41A2 /* Friends PH */ = {
			isa = PBXNativeTarget;
			buildConfigurationList = 90E0C7441C16D2EF003B41A2 /* Build configuration list for PBXNativeTarget "Friends PH" */;
			buildPhases = (
				90E0C7131C16D2EE003B41A2 /* Sources */,
				90E0C7141C16D2EE003B41A2 /* Frameworks */,
				90E0C7151C16D2EE003B41A2 /* Resources */,
			);
			buildRules = (
			);
			dependencies = (
			);
			name = "Friends PH";
			productName = "Friends PH";
			productReference = 90E0C7171C16D2EE003B41A2 /* Friends PH.app */;
			productType = "com.apple.product-type.application";
		};
/* End PBXNativeTarget section */

/* Begin PBXProject section */
		90E0C70F1C16D2EE003B41A2 /* Project object */ = {
			isa = PBXProject;
			attributes = {
				LastUpgradeCheck = 0700;
				ORGANIZATIONNAME = xian;
				TargetAttributes = {
					90E0C7161C16D2EE003B41A2 = {
						CreatedOnToolsVersion = 7.0.1;
					};
				};
			};
			buildConfigurationList = 90E0C7121C16D2EE003B41A2 /* Build configuration list for PBXProject "Friends PH" */;
			compatibilityVersion = "Xcode 3.2";
			developmentRegion = English;
			hasScannedForEncodings = 0;
			knownRegions = (
				en,
				Base,
			);
			mainGroup = 90E0C70E1C16D2EE003B41A2;
			productRefGroup = 90E0C7181C16D2EE003B41A2 /* Products */;
			projectDirPath = "";
			projectRoot = "";
			targets = (
				90E0C7161C16D2EE003B41A2 /* Friends PH */,
			);
		};
/* End PBXProject section */

/* Begin PBXResourcesBuildPhase section */
		90E0C7151C16D2EE003B41A2 /* Resources */ = {
			isa = PBXResourcesBuildPhase;
			buildActionMask = 2147483647;
			files = (
				90E0C72A1C16D2EF003B41A2 /* LaunchScreen.storyboard in Resources */,
				90E0C7271C16D2EF003B41A2 /* Assets.xcassets in Resources */,
				90E0C7251C16D2EE003B41A2 /* Main.storyboard in Resources */,
			);
			runOnlyForDeploymentPostprocessing = 0;
		};
/* End PBXResourcesBuildPhase section */

/* Begin PBXSourcesBuildPhase section */
		90E0C7131C16D2EE003B41A2 /* Sources */ = {
			isa = PBXSourcesBuildPhase;
			buildActionMask = 2147483647;
			files = (
				90E0C7831C16D8AC003B41A2 /* AFSecurityPolicy.m in Sources */,
				90E0C7671C16D88B003B41A2 /* NSString+Method.m in Sources */,
				90AED05D1C17CA8900D10D40 /* NSArray+MASAdditions.m in Sources */,
				90AFB42D1C1AC4B100B70395 /* NSObject+MJKeyValue.m in Sources */,
				90AFB4281C1AC4B100B70395 /* MJProperty.m in Sources */,
				90D0C9781C2AA4A200A9925E /* UserHandler.m in Sources */,
				90D0C9711C2A65CB00A9925E /* FMDatabasePool.m in Sources */,
				90E0C7821C16D8AC003B41A2 /* AFNetworkReachabilityManager.m in Sources */,
				90D0C9581C2A3F1C00A9925E /* AddressBookViewController.m in Sources */,
				90E0C7221C16D2EE003B41A2 /* ViewController.m in Sources */,
				90AFB4291C1AC4B100B70395 /* MJPropertyKey.m in Sources */,
				90AED0571C17CA8900D10D40 /* MASCompositeConstraint.m in Sources */,
				90AED05B1C17CA8900D10D40 /* MASViewAttribute.m in Sources */,
				90AFB3FC1C1A83D000B70395 /* HttpTool.m in Sources */,
				908007BB1C21A63B00557DF5 /* JobViewController.m in Sources */,
				9007BC2B1C1EB70100F23979 /* SceneryViewController.m in Sources */,
				90AED0581C17CA8900D10D40 /* MASConstraint.m in Sources */,
				90E0C7841C16D8AC003B41A2 /* AFURLConnectionOperation.m in Sources */,
				90E0C78A1C16DE65003B41A2 /* TabbarView.m in Sources */,
				90E0C77F1C16D8AC003B41A2 /* AFHTTPRequestOperation.m in Sources */,
				90D0C95F1C2A51A200A9925E /* AddressBookModel.m in Sources */,
				9025BCF31C1AF3DE002CE5D5 /* NSObject+Method.m in Sources */,
				90AED05E1C17CA8900D10D40 /* NSLayoutConstraint+MASDebugAdditions.m in Sources */,
				90C124261C25612200D02FDC /* EmergencyPhoneViewController.m in Sources */,
				908007BE1C21A6A800557DF5 /* RentViewController.m in Sources */,
				90AFB4351C1ACC7000B70395 /* ForecastModel.m in Sources */,
				90AED0591C17CA8900D10D40 /* MASConstraintMaker.m in Sources */,
				90D0C97E1C2AABFD00A9925E /* AddressBookTable.m in Sources */,
				90FCA73B1C1C2138001751C8 /* FonExchangeModel.m in Sources */,
				90D0C9721C2A65CB00A9925E /* FMDatabaseQueue.m in Sources */,
				90E54A711C2170F9008B1B42 /* MeViewController.m in Sources */,
				90E0C7811C16D8AC003B41A2 /* AFHTTPSessionManager.m in Sources */,
				90E0C7851C16D8AC003B41A2 /* AFURLRequestSerialization.m in Sources */,
				90AED05A1C17CA8900D10D40 /* MASLayoutConstraint.m in Sources */,
				90E0C75F1C16D87C003B41A2 /* BasicViewController.m in Sources */,
				90AFB4271C1AC4B100B70395 /* MJFoundation.m in Sources */,
				90AED05C1C17CA8900D10D40 /* MASViewConstraint.m in Sources */,
				90E0C7871C16D8AC003B41A2 /* AFURLSessionManager.m in Sources */,
				90E0C71F1C16D2EE003B41A2 /* AppDelegate.m in Sources */,
				90AED05F1C17CA8900D10D40 /* View+MASAdditions.m in Sources */,
				90E0C7801C16D8AC003B41A2 /* AFHTTPRequestOperationManager.m in Sources */,
				90E0C7661C16D88B003B41A2 /* UIView+Frame.m in Sources */,
				90B379021C192C1300305870 /* HomeHeaderView.m in Sources */,
				90AFB42A1C1AC4B100B70395 /* MJPropertyType.m in Sources */,
				90AFB42C1C1AC4B100B70395 /* NSObject+MJCoding.m in Sources */,
				90E0C7861C16D8AC003B41A2 /* AFURLResponseSerialization.m in Sources */,
				90E0C7611C16D87C003B41A2 /* BasicTabBarViewController.m in Sources */,
				90AFB42B1C1AC4B100B70395 /* NSObject+MJClass.m in Sources */,
				90AFB4031C1AAB4B00B70395 /* BasicModel.m in Sources */,
				90B0668E1C1FF6DF00E8A464 /* X_DrawExcelView.m in Sources */,
				90AFB42E1C1AC4B100B70395 /* NSObject+MJProperty.m in Sources */,
				90D0C96F1C2A65CB00A9925E /* FMDatabase.m in Sources */,
				90AED0601C17CA8900D10D40 /* ViewController+MASAdditions.m in Sources */,
				90D0C9731C2A65CB00A9925E /* FMResultSet.m in Sources */,
				90E0C71C1C16D2EE003B41A2 /* main.m in Sources */,
				908007B81C2195F200557DF5 /* Home_Job_TableViewCell.m in Sources */,
				90CC64FD1C187DFE00E4F454 /* HomeViewController.m in Sources */,
				90E0C76B1C16D8A1003B41A2 /* Reachability.m in Sources */,
				90AFB42F1C1AC4B100B70395 /* NSString+MJExtension.m in Sources */,
				90B0668B1C1FEB5A00E8A464 /* ColorTransformRGB.m in Sources */,
				90AFB4261C1AC4B100B70395 /* MJExtensionConst.m in Sources */,
				90E0C7601C16D87C003B41A2 /* BasicNavigationController.m in Sources */,
				90D0C9621C2A652300A9925E /* DatabaseManager.m in Sources */,
				90AFB4251C1AC4B100B70395 /* MJDictionaryCache.m in Sources */,
				90D0C9701C2A65CB00A9925E /* FMDatabaseAdditions.m in Sources */,
			);
			runOnlyForDeploymentPostprocessing = 0;
		};
/* End PBXSourcesBuildPhase section */

/* Begin PBXVariantGroup section */
		90E0C7231C16D2EE003B41A2 /* Main.storyboard */ = {
			isa = PBXVariantGroup;
			children = (
				90E0C7241C16D2EE003B41A2 /* Base */,
			);
			name = Main.storyboard;
			sourceTree = "<group>";
		};
		90E0C7281C16D2EF003B41A2 /* LaunchScreen.storyboard */ = {
			isa = PBXVariantGroup;
			children = (
				90E0C7291C16D2EF003B41A2 /* Base */,
			);
			name = LaunchScreen.storyboard;
			sourceTree = "<group>";
		};
/* End PBXVariantGroup section */

/* Begin XCBuildConfiguration section */
		90E0C7421C16D2EF003B41A2 /* Debug */ = {
			isa = XCBuildConfiguration;
			buildSettings = {
				ALWAYS_SEARCH_USER_PATHS = NO;
				CLANG_CXX_LANGUAGE_STANDARD = "gnu++0x";
				CLANG_CXX_LIBRARY = "libc++";
				CLANG_ENABLE_MODULES = YES;
				CLANG_ENABLE_OBJC_ARC = YES;
				CLANG_WARN_BOOL_CONVERSION = YES;
				CLANG_WARN_CONSTANT_CONVERSION = YES;
				CLANG_WARN_DIRECT_OBJC_ISA_USAGE = YES_ERROR;
				CLANG_WARN_EMPTY_BODY = YES;
				CLANG_WARN_ENUM_CONVERSION = YES;
				CLANG_WARN_INT_CONVERSION = YES;
				CLANG_WARN_OBJC_ROOT_CLASS = YES_ERROR;
				CLANG_WARN_UNREACHABLE_CODE = YES;
				CLANG_WARN__DUPLICATE_METHOD_MATCH = YES;
				"CODE_SIGN_IDENTITY[sdk=iphoneos*]" = "iPhone Developer";
				COPY_PHASE_STRIP = NO;
				DEBUG_INFORMATION_FORMAT = dwarf;
				ENABLE_STRICT_OBJC_MSGSEND = YES;
				ENABLE_TESTABILITY = YES;
				GCC_C_LANGUAGE_STANDARD = gnu99;
				GCC_DYNAMIC_NO_PIC = NO;
				GCC_NO_COMMON_BLOCKS = YES;
				GCC_OPTIMIZATION_LEVEL = 0;
				GCC_PREPROCESSOR_DEFINITIONS = (
					"DEBUG=1",
					"$(inherited)",
				);
				GCC_WARN_64_TO_32_BIT_CONVERSION = YES;
				GCC_WARN_ABOUT_RETURN_TYPE = YES_ERROR;
				GCC_WARN_UNDECLARED_SELECTOR = YES;
				GCC_WARN_UNINITIALIZED_AUTOS = YES_AGGRESSIVE;
				GCC_WARN_UNUSED_FUNCTION = YES;
				GCC_WARN_UNUSED_VARIABLE = YES;
				INFOPLIST_FILE = "Friends PH/info.plist";
				IPHONEOS_DEPLOYMENT_TARGET = 8.0;
				MTL_ENABLE_DEBUG_INFO = YES;
				ONLY_ACTIVE_ARCH = YES;
				SDKROOT = iphoneos;
				TARGETED_DEVICE_FAMILY = "1,2";
			};
			name = Debug;
		};
		90E0C7431C16D2EF003B41A2 /* Release */ = {
			isa = XCBuildConfiguration;
			buildSettings = {
				ALWAYS_SEARCH_USER_PATHS = NO;
				CLANG_CXX_LANGUAGE_STANDARD = "gnu++0x";
				CLANG_CXX_LIBRARY = "libc++";
				CLANG_ENABLE_MODULES = YES;
				CLANG_ENABLE_OBJC_ARC = YES;
				CLANG_WARN_BOOL_CONVERSION = YES;
				CLANG_WARN_CONSTANT_CONVERSION = YES;
				CLANG_WARN_DIRECT_OBJC_ISA_USAGE = YES_ERROR;
				CLANG_WARN_EMPTY_BODY = YES;
				CLANG_WARN_ENUM_CONVERSION = YES;
				CLANG_WARN_INT_CONVERSION = YES;
				CLANG_WARN_OBJC_ROOT_CLASS = YES_ERROR;
				CLANG_WARN_UNREACHABLE_CODE = YES;
				CLANG_WARN__DUPLICATE_METHOD_MATCH = YES;
				"CODE_SIGN_IDENTITY[sdk=iphoneos*]" = "iPhone Developer";
				COPY_PHASE_STRIP = NO;
				DEBUG_INFORMATION_FORMAT = "dwarf-with-dsym";
				ENABLE_NS_ASSERTIONS = NO;
				ENABLE_STRICT_OBJC_MSGSEND = YES;
				GCC_C_LANGUAGE_STANDARD = gnu99;
				GCC_NO_COMMON_BLOCKS = YES;
				GCC_WARN_64_TO_32_BIT_CONVERSION = YES;
				GCC_WARN_ABOUT_RETURN_TYPE = YES_ERROR;
				GCC_WARN_UNDECLARED_SELECTOR = YES;
				GCC_WARN_UNINITIALIZED_AUTOS = YES_AGGRESSIVE;
				GCC_WARN_UNUSED_FUNCTION = YES;
				GCC_WARN_UNUSED_VARIABLE = YES;
				INFOPLIST_FILE = "Friends PH/info.plist";
				IPHONEOS_DEPLOYMENT_TARGET = 8.0;
				MTL_ENABLE_DEBUG_INFO = NO;
				SDKROOT = iphoneos;
				TARGETED_DEVICE_FAMILY = "1,2";
				VALIDATE_PRODUCT = YES;
			};
			name = Release;
		};
		90E0C7451C16D2EF003B41A2 /* Debug */ = {
			isa = XCBuildConfiguration;
			buildSettings = {
				ASSETCATALOG_COMPILER_APPICON_NAME = AppIcon;
				INFOPLIST_FILE = "Friends PH/Info.plist";
				IPHONEOS_DEPLOYMENT_TARGET = 8.2;
				LD_RUNPATH_SEARCH_PATHS = "$(inherited) @executable_path/Frameworks";
				PRODUCT_BUNDLE_IDENTIFIER = "com.test.com.Friends-PH";
				PRODUCT_NAME = "$(TARGET_NAME)";
			};
			name = Debug;
		};
		90E0C7461C16D2EF003B41A2 /* Release */ = {
			isa = XCBuildConfiguration;
			buildSettings = {
				ASSETCATALOG_COMPILER_APPICON_NAME = AppIcon;
				INFOPLIST_FILE = "Friends PH/Info.plist";
				IPHONEOS_DEPLOYMENT_TARGET = 8.2;
				LD_RUNPATH_SEARCH_PATHS = "$(inherited) @executable_path/Frameworks";
				PRODUCT_BUNDLE_IDENTIFIER = "com.test.com.Friends-PH";
				PRODUCT_NAME = "$(TARGET_NAME)";
			};
			name = Release;
		};
/* End XCBuildConfiguration section */

/* Begin XCConfigurationList section */
		90E0C7121C16D2EE003B41A2 /* Build configuration list for PBXProject "Friends PH" */ = {
			isa = XCConfigurationList;
			buildConfigurations = (
				90E0C7421C16D2EF003B41A2 /* Debug */,
				90E0C7431C16D2EF003B41A2 /* Release */,
			);
			defaultConfigurationIsVisible = 0;
			defaultConfigurationName = Release;
		};
		90E0C7441C16D2EF003B41A2 /* Build configuration list for PBXNativeTarget "Friends PH" */ = {
			isa = XCConfigurationList;
			buildConfigurations = (
				90E0C7451C16D2EF003B41A2 /* Debug */,
				90E0C7461C16D2EF003B41A2 /* Release */,
			);
			defaultConfigurationIsVisible = 0;
			defaultConfigurationName = Release;
		};
/* End XCConfigurationList section */
	};
	rootObject = 90E0C70F1C16D2EE003B41A2 /* Project object */;
}
